
Microsoft Visual Studio Solution File, Format Version 12.00
# Visual Studio Version 16
VisualStudioVersion = 16.0.29709.97
MinimumVisualStudioVersion = 10.0.40219.1
Project("{FAE04EC0-301F-11D3-BF4B-00C04F79EFBC}") = "SimpleConsoleMVC", "SimpleConsoleMVC\SimpleConsoleMVC.csproj", "{5E4F033D-CA6B-4F19-BA74-CB15C14F34AD}"
EndProject
Global
	GlobalSection(SolutionConfigurationPlatforms) = preSolution
		Debug|Any CPU = Debug|Any CPU
		Release|Any CPU = Release|Any CPU
	EndGlobalSection
	GlobalSection(ProjectConfigurationPlatforms) = postSolution
		{5E4F033D-CA6B-4F19-BA74-CB15C14F34AD}.Debug|Any CPU.ActiveCfg = Debug|Any CPU
		{5E4F033D-CA6B-4F19-BA74-CB15C14F34AD}.Debug|Any CPU.Build.0 = Debug|Any CPU
		{5E4F033D-CA6B-4F19-BA74-CB15C14F34AD}.Release|Any CPU.ActiveCfg = Release|Any CPU
		{5E4F033D-CA6B-4F19-BA74-CB15C14F34AD}.Release|Any CPU.Build.0 = Release|Any CPU
	EndGlobalSection
	GlobalSection(SolutionProperties) = preSolution
		HideSolutionNode = FALSE
	EndGlobalSection
	GlobalSection(ExtensibilityGlobals) = postSolution
		SolutionGuid = {DBD131CA-BD73-40D4-A241-9E05B1724AB5}
	EndGlobalSection
EndGlobal
